
Microsoft Visual Studio Solution File, Format Version 12.00
# Visual Studio Version 17
VisualStudioVersion = 17.4.33403.182
MinimumVisualStudioVersion = 10.0.40219.1
Project("{9A19103F-16F7-4668-BE54-9A1E7A4F7556}") = "TaxManagement", "TaxManagement.csproj", "{410F7EF2-6CDC-450B-A509-CDF41DF97A2F}"
EndProject
Project("{9A19103F-16F7-4668-BE54-9A1E7A4F7556}") = "TaxManagement.BusinessLayer", "..\TaxManagement.BusinessLayer\TaxManagement.BusinessLayer.csproj", "{12999C86-3675-40FA-8600-9B9B26F63AD5}"
EndProject
Project("{9A19103F-16F7-4668-BE54-9A1E7A4F7556}") = "TaxManagement.Entities", "..\TaxManagement.Entities\TaxManagement.Entities.csproj", "{6B1AE468-2E56-4F61-9D6A-A87A6EC69F47}"
EndProject
Project("{9A19103F-16F7-4668-BE54-9A1E7A4F7556}") = "TaxManagement.DataLayer", "..\TaxManagement.DataLayer\TaxManagement.DataLayer.csproj", "{2CA4ECD1-9F7E-40EC-B98E-677E45598FAD}"
EndProject
Project("{9A19103F-16F7-4668-BE54-9A1E7A4F7556}") = "TaxManagement.Tests", "..\TaxManagement.Tests\TaxManagement.Tests.csproj", "{2C3960D9-9EE5-4A06-A48C-450D775E58E7}"
EndProject
Global
	GlobalSection(SolutionConfigurationPlatforms) = preSolution
		Debug|Any CPU = Debug|Any CPU
		Release|Any CPU = Release|Any CPU
	EndGlobalSection
	GlobalSection(ProjectConfigurationPlatforms) = postSolution
		{410F7EF2-6CDC-450B-A509-CDF41DF97A2F}.Debug|Any CPU.ActiveCfg = Debug|Any CPU
		{410F7EF2-6CDC-450B-A509-CDF41DF97A2F}.Debug|Any CPU.Build.0 = Debug|Any CPU
		{410F7EF2-6CDC-450B-A509-CDF41DF97A2F}.Release|Any CPU.ActiveCfg = Release|Any CPU
		{410F7EF2-6CDC-450B-A509-CDF41DF97A2F}.Release|Any CPU.Build.0 = Release|Any CPU
		{12999C86-3675-40FA-8600-9B9B26F63AD5}.Debug|Any CPU.ActiveCfg = Debug|Any CPU
		{12999C86-3675-40FA-8600-9B9B26F63AD5}.Debug|Any CPU.Build.0 = Debug|Any CPU
		{12999C86-3675-40FA-8600-9B9B26F63AD5}.Release|Any CPU.ActiveCfg = Release|Any CPU
		{12999C86-3675-40FA-8600-9B9B26F63AD5}.Release|Any CPU.Build.0 = Release|Any CPU
		{6B1AE468-2E56-4F61-9D6A-A87A6EC69F47}.Debug|Any CPU.ActiveCfg = Debug|Any CPU
		{6B1AE468-2E56-4F61-9D6A-A87A6EC69F47}.Debug|Any CPU.Build.0 = Debug|Any CPU
		{6B1AE468-2E56-4F61-9D6A-A87A6EC69F47}.Release|Any CPU.ActiveCfg = Release|Any CPU
		{6B1AE468-2E56-4F61-9D6A-A87A6EC69F47}.Release|Any CPU.Build.0 = Release|Any CPU
		{2CA4ECD1-9F7E-40EC-B98E-677E45598FAD}.Debug|Any CPU.ActiveCfg = Debug|Any CPU
		{2CA4ECD1-9F7E-40EC-B98E-677E45598FAD}.Debug|Any CPU.Build.0 = Debug|Any CPU
		{2CA4ECD1-9F7E-40EC-B98E-677E45598FAD}.Release|Any CPU.ActiveCfg = Release|Any CPU
		{2CA4ECD1-9F7E-40EC-B98E-677E45598FAD}.Release|Any CPU.Build.0 = Release|Any CPU
		{2C3960D9-9EE5-4A06-A48C-450D775E58E7}.Debug|Any CPU.ActiveCfg = Debug|Any CPU
		{2C3960D9-9EE5-4A06-A48C-450D775E58E7}.Debug|Any CPU.Build.0 = Debug|Any CPU
		{2C3960D9-9EE5-4A06-A48C-450D775E58E7}.Release|Any CPU.ActiveCfg = Release|Any CPU
		{2C3960D9-9EE5-4A06-A48C-450D775E58E7}.Release|Any CPU.Build.0 = Release|Any CPU
	EndGlobalSection
	GlobalSection(SolutionProperties) = preSolution
		HideSolutionNode = FALSE
	EndGlobalSection
	GlobalSection(ExtensibilityGlobals) = postSolution
		SolutionGuid = {5BC9B0F9-74FC-4C1A-BD59-53E2D3ED9171}
	EndGlobalSection
EndGlobal
